SITE
  remote: http://community.opscode.com/api/v1
  specs:
    apt (2.3.8)
    build-essential (1.4.4)
    chef_handler (1.1.6)
    dmg (2.2.0)
    openssl (1.1.0)
    runit (1.5.10)
      build-essential (>= 0.0.0)
      yum (~> 3.0)
      yum-epel (>= 0.0.0)
    windows (1.30.2)
      chef_handler (>= 0.0.0)
    yum (3.2.0)
    yum-epel (0.3.6)
      yum (~> 3.0)

GIT
  remote: https://github.com/fnichol/chef-rbenv
  ref: v0.7.2
  sha: f2b53292e810dd2b43f6121f9958f5f29979dcb1
  specs:
    rbenv (0.7.2)

GIT
  remote: https://github.com/fnichol/chef-ruby_build
  ref: v0.8.0
  sha: ed2d3841784ecf60c1de808946307b588efe644f
  specs:
    ruby_build (0.8.0)

GIT
  remote: https://github.com/hw-cookbooks/postgresql
  ref: master
  sha: 5800238828b443725442fe510ec4f5308ed9ce8b
  specs:
    postgresql (3.3.4)
      apt (>= 0.0.0)
      build-essential (>= 0.0.0)
      openssl (>= 0.0.0)

GIT
  remote: https://github.com/jssjr/git
  ref: master
  sha: 76b0f9bb08fdd9e2e201fd70b72298097accdf96
  specs:
    git (4.0.1)
      build-essential (>= 0.0.0)
      dmg (>= 0.0.0)
      runit (>= 1.0)
      windows (>= 0.0.0)
      yum (~> 3.0)
      yum-epel (>= 0.0.0)

GIT
  remote: https://github.com/socrata-cookbooks/java
  ref: master
  sha: cfd599dd1fe2ab57ba677acf0ecb4144799c56de
  specs:
    java (1.22.1)

DEPENDENCIES
  apt (>= 0)
  build-essential (~> 1.4.4)
  git (>= 0)
  java (>= 0)
  postgresql (>= 0)
  rbenv (>= 0)
  ruby_build (>= 0)

